{
  "version": 4,
  "terraform_version": "1.12.2",
  "serial": 48,
  "lineage": "9a7cccc2-978b-26d6-3e95-7fb5d3242e2b",
  "outputs": {},
  "resources": [
    {
      "mode": "data",
      "type": "aws_availability_zones",
      "name": "available",
      "provider": "provider[\"registry.terraform.io/hashicorp/aws\"]",
      "instances": [
        {
          "schema_version": 0,
          "attributes": {
            "all_availability_zones": null,
            "exclude_names": null,
            "exclude_zone_ids": null,
            "filter": null,
            "group_names": [
              "us-east-1-zg-1"
            ],
            "id": "us-east-1",
            "names": [
              "us-east-1a",
              "us-east-1b",
              "us-east-1c",
              "us-east-1d",
              "us-east-1e",
              "us-east-1f"
            ],
            "region": "us-east-1",
            "state": "available",
            "timeouts": null,
            "zone_ids": [
              "use1-az2",
              "use1-az4",
              "use1-az6",
              "use1-az1",
              "use1-az3",
              "use1-az5"
            ]
          },
          "sensitive_attributes": [],
          "identity_schema_version": 0
        }
      ]
    },
    {
      "mode": "managed",
      "type": "aws_dms_endpoint",
      "name": "kinesis_target",
      "provider": "provider[\"registry.terraform.io/hashicorp/aws\"]",
      "instances": [
        {
          "schema_version": 0,
          "attributes": {
            "certificate_arn": "",
            "database_name": null,
            "elasticsearch_settings": [],
            "endpoint_arn": "arn:aws:dms:us-east-1:408110214432:endpoint:6IE3N6KEIZH3HH63HH67EFOZJE",
            "endpoint_id": "data-pipeline-dev-kinesis-target",
            "endpoint_type": "target",
            "engine_name": "kinesis",
            "extra_connection_attributes": "",
            "id": "data-pipeline-dev-kinesis-target",
            "kafka_settings": [],
            "kinesis_settings": [
              {
                "include_control_details": false,
                "include_null_and_empty": false,
                "include_partition_value": false,
                "include_table_alter_operations": false,
                "include_transaction_details": false,
                "message_format": "json",
                "partition_include_schema_table": false,
                "service_access_role_arn": "arn:aws:iam::408110214432:role/data-pipeline-dev-dms-kinesis-role",
                "stream_arn": "arn:aws:kinesis:us-east-1:408110214432:stream/data-pipeline-dev-data-stream",
                "use_large_integer_value": false
              }
            ],
            "kms_key_arn": "",
            "mongodb_settings": [],
            "password": null,
            "pause_replication_tasks": null,
            "port": null,
            "postgres_settings": [],
            "redis_settings": [],
            "redshift_settings": [],
            "region": "us-east-1",
            "secrets_manager_access_role_arn": null,
            "secrets_manager_arn": null,
            "server_name": null,
            "service_access_role": null,
            "ssl_mode": "none",
            "tags": {
              "Environment": "dev",
              "ManagedBy": "terraform",
              "Project": "data-pipeline"
            },
            "tags_all": {
              "Environment": "dev",
              "ManagedBy": "terraform",
              "Project": "data-pipeline"
            },
            "timeouts": null,
            "username": null
          },
          "sensitive_attributes": [
            [
              {
                "type": "get_attr",
                "value": "password"
              }
            ]
          ],
          "identity_schema_version": 0,
          "private": "eyJlMmJmYjczMC1lY2FhLTExZTYtOGY4OC0zNDM2M2JjN2M0YzAiOnsiY3JlYXRlIjozMDAwMDAwMDAwMDAsImRlbGV0ZSI6NjAwMDAwMDAwMDAwfX0=",
          "dependencies": [
            "aws_iam_role.dms_kinesis_role",
            "aws_kinesis_stream.data_stream"
          ]
        }
      ]
    },
    {
      "mode": "managed",
      "type": "aws_dms_endpoint",
      "name": "source",
      "provider": "provider[\"registry.terraform.io/hashicorp/aws\"]",
      "instances": [
        {
          "schema_version": 0,
          "attributes": {
            "certificate_arn": "",
            "database_name": "postgres",
            "elasticsearch_settings": [],
            "endpoint_arn": "arn:aws:dms:us-east-1:408110214432:endpoint:RIXGIWQXQJE23BXTCZ7LF4F3MQ",
            "endpoint_id": "data-pipeline-dev-supabase-source",
            "endpoint_type": "source",
            "engine_name": "postgres",
            "extra_connection_attributes": "",
            "id": "data-pipeline-dev-supabase-source",
            "kafka_settings": [],
            "kinesis_settings": [],
            "kms_key_arn": "arn:aws:kms:us-east-1:408110214432:key/c3809b97-44b0-400d-a193-2fe71ceb8ee4",
            "mongodb_settings": [],
            "password": "8b2bb1e2390743f55ff60b7c9cb6665d",
            "pause_replication_tasks": null,
            "port": 5432,
            "postgres_settings": [
              {
                "after_connect_script": "",
                "babelfish_database_name": "",
                "capture_ddls": false,
                "database_mode": "",
                "ddl_artifacts_schema": "",
                "execute_timeout": 0,
                "fail_tasks_on_lob_truncation": false,
                "heartbeat_enable": false,
                "heartbeat_frequency": 0,
                "heartbeat_schema": "",
                "map_boolean_as_boolean": false,
                "map_jsonb_as_clob": false,
                "map_long_varchar_as": "",
                "max_file_size": 0,
                "plugin_name": "",
                "slot_name": ""
              }
            ],
            "redis_settings": [],
            "redshift_settings": [],
            "region": "us-east-1",
            "secrets_manager_access_role_arn": "",
            "secrets_manager_arn": "",
            "server_name": "aws-0-ap-southeast-1.pooler.supabase.com",
            "service_access_role": null,
            "ssl_mode": "require",
            "tags": {
              "Environment": "dev",
              "ManagedBy": "terraform",
              "Project": "data-pipeline"
            },
            "tags_all": {
              "Environment": "dev",
              "ManagedBy": "terraform",
              "Project": "data-pipeline"
            },
            "timeouts": null,
            "username": "postgres.dwxxibqmtfibnipthgdo"
          },
          "sensitive_attributes": [
            [
              {
                "type": "get_attr",
                "value": "password"
              }
            ]
          ],
          "identity_schema_version": 0,
          "private": "eyJlMmJmYjczMC1lY2FhLTExZTYtOGY4OC0zNDM2M2JjN2M0YzAiOnsiY3JlYXRlIjozMDAwMDAwMDAwMDAsImRlbGV0ZSI6NjAwMDAwMDAwMDAwfX0="
        }
      ]
    },
    {
      "mode": "managed",
      "type": "aws_dms_replication_instance",
      "name": "dms_instance",
      "provider": "provider[\"registry.terraform.io/hashicorp/aws\"]",
      "instances": [
        {
          "schema_version": 0,
          "attributes": {
            "allocated_storage": 20,
            "allow_major_version_upgrade": null,
            "apply_immediately": true,
            "auto_minor_version_upgrade": true,
            "availability_zone": "us-east-1a",
            "engine_version": "3.5.4",
            "id": "data-pipeline-dev-dms-instance",
            "kms_key_arn": "arn:aws:kms:us-east-1:408110214432:key/c3809b97-44b0-400d-a193-2fe71ceb8ee4",
            "multi_az": true,
            "network_type": "IPV4",
            "preferred_maintenance_window": "sat:07:32-sat:08:02",
            "publicly_accessible": false,
            "region": "us-east-1",
            "replication_instance_arn": "arn:aws:dms:us-east-1:408110214432:rep:A2ZIHT3BCJBFPHE7A6XHTXQ6RE",
            "replication_instance_class": "dms.t3.medium",
            "replication_instance_id": "data-pipeline-dev-dms-instance",
            "replication_instance_private_ips": [
              "10.0.1.65",
              "10.0.2.182"
            ],
            "replication_instance_public_ips": [],
            "replication_subnet_group_id": "data-pipeline-dev-dms-subnet-group",
            "tags": {
              "Environment": "dev",
              "ManagedBy": "terraform",
              "Project": "data-pipeline"
            },
            "tags_all": {
              "Environment": "dev",
              "ManagedBy": "terraform",
              "Project": "data-pipeline"
            },
            "timeouts": null,
            "vpc_security_group_ids": [
              "sg-070eb32bd15d2e5a7"
            ]
          },
          "sensitive_attributes": [],
          "identity_schema_version": 0,
          "private": "eyJlMmJmYjczMC1lY2FhLTExZTYtOGY4OC0zNDM2M2JjN2M0YzAiOnsiY3JlYXRlIjoyNDAwMDAwMDAwMDAwLCJkZWxldGUiOjE4MDAwMDAwMDAwMDAsInVwZGF0ZSI6MTgwMDAwMDAwMDAwMH19",
          "dependencies": [
            "aws_dms_replication_subnet_group.dms_subnet_group",
            "aws_security_group.dms_sg",
            "aws_subnet.private",
            "aws_vpc.main",
            "data.aws_availability_zones.available"
          ]
        }
      ]
    },
    {
      "mode": "managed",
      "type": "aws_dms_replication_subnet_group",
      "name": "dms_subnet_group",
      "provider": "provider[\"registry.terraform.io/hashicorp/aws\"]",
      "instances": [
        {
          "schema_version": 0,
          "attributes": {
            "id": "data-pipeline-dev-dms-subnet-group",
            "region": "us-east-1",
            "replication_subnet_group_arn": "arn:aws:dms:us-east-1:408110214432:subgrp:data-pipeline-dev-dms-subnet-group",
            "replication_subnet_group_description": "DMS subnet group for data-pipeline-dev",
            "replication_subnet_group_id": "data-pipeline-dev-dms-subnet-group",
            "subnet_ids": [
              "subnet-0677fa77a5d221e0a",
              "subnet-0c23342e07efb5f2b"
            ],
            "tags": {
              "Environment": "dev",
              "ManagedBy": "terraform",
              "Project": "data-pipeline"
            },
            "tags_all": {
              "Environment": "dev",
              "ManagedBy": "terraform",
              "Project": "data-pipeline"
            },
            "vpc_id": "vpc-010eebdcc9c7138fa"
          },
          "sensitive_attributes": [],
          "identity_schema_version": 0,
          "private": "bnVsbA==",
          "dependencies": [
            "aws_subnet.private",
            "aws_vpc.main",
            "data.aws_availability_zones.available"
          ]
        }
      ]
    },
    {
      "mode": "managed",
      "type": "aws_iam_role",
      "name": "dms_kinesis_role",
      "provider": "provider[\"registry.terraform.io/hashicorp/aws\"]",
      "instances": [
        {
          "schema_version": 0,
          "attributes": {
            "arn": "arn:aws:iam::408110214432:role/data-pipeline-dev-dms-kinesis-role",
            "assume_role_policy": "{\"Statement\":[{\"Action\":\"sts:AssumeRole\",\"Effect\":\"Allow\",\"Principal\":{\"Service\":\"dms.amazonaws.com\"}}],\"Version\":\"2012-10-17\"}",
            "create_date": "2025-07-15T16:34:55Z",
            "description": "",
            "force_detach_policies": false,
            "id": "data-pipeline-dev-dms-kinesis-role",
            "inline_policy": [],
            "managed_policy_arns": [
              "arn:aws:iam::408110214432:policy/data-pipeline-dev-dms-kinesis-policy"
            ],
            "max_session_duration": 3600,
            "name": "data-pipeline-dev-dms-kinesis-role",
            "name_prefix": "",
            "path": "/",
            "permissions_boundary": "",
            "tags": {
              "Environment": "dev",
              "ManagedBy": "terraform",
              "Project": "data-pipeline"
            },
            "tags_all": {
              "Environment": "dev",
              "ManagedBy": "terraform",
              "Project": "data-pipeline"
            },
            "unique_id": "AROAV6BKDVUQEPOPWVHMH"
          },
          "sensitive_attributes": [],
          "identity_schema_version": 0,
          "identity": {
            "account_id": "408110214432",
            "name": "data-pipeline-dev-dms-kinesis-role"
          },
          "private": "bnVsbA=="
        }
      ]
    },
    {
      "mode": "managed",
      "type": "aws_kinesis_stream",
      "name": "data_stream",
      "provider": "provider[\"registry.terraform.io/hashicorp/aws\"]",
      "instances": [
        {
          "schema_version": 1,
          "attributes": {
            "arn": "arn:aws:kinesis:us-east-1:408110214432:stream/data-pipeline-dev-data-stream",
            "encryption_type": "NONE",
            "enforce_consumer_deletion": false,
            "id": "arn:aws:kinesis:us-east-1:408110214432:stream/data-pipeline-dev-data-stream",
            "kms_key_id": "",
            "name": "data-pipeline-dev-data-stream",
            "region": "us-east-1",
            "retention_period": 24,
            "shard_count": 2,
            "shard_level_metrics": [
              "IncomingRecords",
              "OutgoingRecords"
            ],
            "stream_mode_details": [
              {
                "stream_mode": "PROVISIONED"
              }
            ],
            "tags": {
              "Environment": "dev",
              "ManagedBy": "terraform",
              "Project": "data-pipeline"
            },
            "tags_all": {
              "Environment": "dev",
              "ManagedBy": "terraform",
              "Project": "data-pipeline"
            },
            "timeouts": null
          },
          "sensitive_attributes": [],
          "identity_schema_version": 0,
          "private": "eyJlMmJmYjczMC1lY2FhLTExZTYtOGY4OC0zNDM2M2JjN2M0YzAiOnsiY3JlYXRlIjozMDAwMDAwMDAwMDAsImRlbGV0ZSI6NzIwMDAwMDAwMDAwMCwidXBkYXRlIjo3MjAwMDAwMDAwMDAwfSwic2NoZW1hX3ZlcnNpb24iOiIxIn0="
        }
      ]
    },
    {
      "mode": "managed",
      "type": "aws_security_group",
      "name": "dms_sg",
      "provider": "provider[\"registry.terraform.io/hashicorp/aws\"]",
      "instances": [
        {
          "schema_version": 1,
          "attributes": {
            "arn": "arn:aws:ec2:us-east-1:408110214432:security-group/sg-070eb32bd15d2e5a7",
            "description": "Managed by Terraform",
            "egress": [
              {
                "cidr_blocks": [
                  "0.0.0.0/0"
                ],
                "description": "",
                "from_port": 0,
                "ipv6_cidr_blocks": [],
                "prefix_list_ids": [],
                "protocol": "-1",
                "security_groups": [],
                "self": false,
                "to_port": 0
              }
            ],
            "id": "sg-070eb32bd15d2e5a7",
            "ingress": [
              {
                "cidr_blocks": [
                  "0.0.0.0/0"
                ],
                "description": "",
                "from_port": 5432,
                "ipv6_cidr_blocks": [],
                "prefix_list_ids": [],
                "protocol": "tcp",
                "security_groups": [],
                "self": false,
                "to_port": 5432
              }
            ],
            "name": "data-pipeline-dev-dms-20250715163508716700000002",
            "name_prefix": "data-pipeline-dev-dms-",
            "owner_id": "408110214432",
            "region": "us-east-1",
            "revoke_rules_on_delete": false,
            "tags": {
              "Environment": "dev",
              "ManagedBy": "terraform",
              "Name": "data-pipeline-dev-dms-sg",
              "Project": "data-pipeline"
            },
            "tags_all": {
              "Environment": "dev",
              "ManagedBy": "terraform",
              "Name": "data-pipeline-dev-dms-sg",
              "Project": "data-pipeline"
            },
            "timeouts": null,
            "vpc_id": "vpc-010eebdcc9c7138fa"
          },
          "sensitive_attributes": [],
          "identity_schema_version": 0,
          "private": "eyJlMmJmYjczMC1lY2FhLTExZTYtOGY4OC0zNDM2M2JjN2M0YzAiOnsiY3JlYXRlIjo2MDAwMDAwMDAwMDAsImRlbGV0ZSI6OTAwMDAwMDAwMDAwfSwic2NoZW1hX3ZlcnNpb24iOiIxIn0=",
          "dependencies": [
            "aws_vpc.main"
          ]
        }
      ]
    },
    {
      "mode": "managed",
      "type": "aws_subnet",
      "name": "private",
      "provider": "provider[\"registry.terraform.io/hashicorp/aws\"]",
      "instances": [
        {
          "index_key": 0,
          "schema_version": 1,
          "attributes": {
            "arn": "arn:aws:ec2:us-east-1:408110214432:subnet/subnet-0677fa77a5d221e0a",
            "assign_ipv6_address_on_creation": false,
            "availability_zone": "us-east-1a",
            "availability_zone_id": "use1-az2",
            "cidr_block": "10.0.1.0/24",
            "customer_owned_ipv4_pool": "",
            "enable_dns64": false,
            "enable_lni_at_device_index": 0,
            "enable_resource_name_dns_a_record_on_launch": false,
            "enable_resource_name_dns_aaaa_record_on_launch": false,
            "id": "subnet-0677fa77a5d221e0a",
            "ipv6_cidr_block": "",
            "ipv6_cidr_block_association_id": "",
            "ipv6_native": false,
            "map_customer_owned_ip_on_launch": false,
            "map_public_ip_on_launch": false,
            "outpost_arn": "",
            "owner_id": "408110214432",
            "private_dns_hostname_type_on_launch": "ip-name",
            "region": "us-east-1",
            "tags": {
              "Environment": "dev",
              "ManagedBy": "terraform",
              "Name": "data-pipeline-dev-private-subnet-1",
              "Project": "data-pipeline"
            },
            "tags_all": {
              "Environment": "dev",
              "ManagedBy": "terraform",
              "Name": "data-pipeline-dev-private-subnet-1",
              "Project": "data-pipeline"
            },
            "timeouts": null,
            "vpc_id": "vpc-010eebdcc9c7138fa"
          },
          "sensitive_attributes": [],
          "identity_schema_version": 0,
          "private": "eyJlMmJmYjczMC1lY2FhLTExZTYtOGY4OC0zNDM2M2JjN2M0YzAiOnsiY3JlYXRlIjo2MDAwMDAwMDAwMDAsImRlbGV0ZSI6MTIwMDAwMDAwMDAwMH0sInNjaGVtYV92ZXJzaW9uIjoiMSJ9",
          "dependencies": [
            "aws_vpc.main",
            "data.aws_availability_zones.available"
          ]
        },
        {
          "index_key": 1,
          "schema_version": 1,
          "attributes": {
            "arn": "arn:aws:ec2:us-east-1:408110214432:subnet/subnet-0c23342e07efb5f2b",
            "assign_ipv6_address_on_creation": false,
            "availability_zone": "us-east-1b",
            "availability_zone_id": "use1-az4",
            "cidr_block": "10.0.2.0/24",
            "customer_owned_ipv4_pool": "",
            "enable_dns64": false,
            "enable_lni_at_device_index": 0,
            "enable_resource_name_dns_a_record_on_launch": false,
            "enable_resource_name_dns_aaaa_record_on_launch": false,
            "id": "subnet-0c23342e07efb5f2b",
            "ipv6_cidr_block": "",
            "ipv6_cidr_block_association_id": "",
            "ipv6_native": false,
            "map_customer_owned_ip_on_launch": false,
            "map_public_ip_on_launch": false,
            "outpost_arn": "",
            "owner_id": "408110214432",
            "private_dns_hostname_type_on_launch": "ip-name",
            "region": "us-east-1",
            "tags": {
              "Environment": "dev",
              "ManagedBy": "terraform",
              "Name": "data-pipeline-dev-private-subnet-2",
              "Project": "data-pipeline"
            },
            "tags_all": {
              "Environment": "dev",
              "ManagedBy": "terraform",
              "Name": "data-pipeline-dev-private-subnet-2",
              "Project": "data-pipeline"
            },
            "timeouts": null,
            "vpc_id": "vpc-010eebdcc9c7138fa"
          },
          "sensitive_attributes": [],
          "identity_schema_version": 0,
          "private": "eyJlMmJmYjczMC1lY2FhLTExZTYtOGY4OC0zNDM2M2JjN2M0YzAiOnsiY3JlYXRlIjo2MDAwMDAwMDAwMDAsImRlbGV0ZSI6MTIwMDAwMDAwMDAwMH0sInNjaGVtYV92ZXJzaW9uIjoiMSJ9",
          "dependencies": [
            "aws_vpc.main",
            "data.aws_availability_zones.available"
          ]
        }
      ]
    },
    {
      "mode": "managed",
      "type": "aws_vpc",
      "name": "main",
      "provider": "provider[\"registry.terraform.io/hashicorp/aws\"]",
      "instances": [
        {
          "schema_version": 1,
          "attributes": {
            "arn": "arn:aws:ec2:us-east-1:408110214432:vpc/vpc-010eebdcc9c7138fa",
            "assign_generated_ipv6_cidr_block": false,
            "cidr_block": "10.0.0.0/16",
            "default_network_acl_id": "acl-06ab3d44db1ebae7b",
            "default_route_table_id": "rtb-0a95920c9f5efc99c",
            "default_security_group_id": "sg-02b0f2db26245891a",
            "dhcp_options_id": "dopt-01e796d7596050a08",
            "enable_dns_hostnames": true,
            "enable_dns_support": true,
            "enable_network_address_usage_metrics": false,
            "id": "vpc-010eebdcc9c7138fa",
            "instance_tenancy": "default",
            "ipv4_ipam_pool_id": null,
            "ipv4_netmask_length": null,
            "ipv6_association_id": "",
            "ipv6_cidr_block": "",
            "ipv6_cidr_block_network_border_group": "",
            "ipv6_ipam_pool_id": "",
            "ipv6_netmask_length": 0,
            "main_route_table_id": "rtb-0a95920c9f5efc99c",
            "owner_id": "408110214432",
            "region": "us-east-1",
            "tags": {
              "Environment": "dev",
              "ManagedBy": "terraform",
              "Name": "data-pipeline-dev-vpc",
              "Project": "data-pipeline"
            },
            "tags_all": {
              "Environment": "dev",
              "ManagedBy": "terraform",
              "Name": "data-pipeline-dev-vpc",
              "Project": "data-pipeline"
            }
          },
          "sensitive_attributes": [],
          "identity_schema_version": 0,
          "private": "eyJzY2hlbWFfdmVyc2lvbiI6IjEifQ=="
        }
      ]
    }
  ],
  "check_results": null
}
