{
  "version": 4,
  "terraform_version": "1.11.0",
  "serial": 66,
  "lineage": "9a7cccc2-978b-26d6-3e95-7fb5d3242e2b",
  "outputs": {
    "data_stream_arn": {
      "value": "arn:aws:kinesis:us-east-1:408110214432:stream/data-pipeline-dev-data-stream",
      "type": "string"
    },
    "dms_security_group_id": {
      "value": "sg-0d27f40033381df10",
      "type": "string"
    },
    "lambda_security_group_id": {
      "value": "sg-03b2e9838f1b06eab",
      "type": "string"
    },
    "private_subnet_ids": {
      "value": [
        "subnet-0a22b772fe453d4e7",
        "subnet-0528f2c683fc0f3c6"
      ],
      "type": [
        "list",
        "string"
      ]
    },
    "public_subnet_ids": {
      "value": [
        "subnet-08fcd856bae8b1b15",
        "subnet-09941d1ecbfe57f3c"
      ],
      "type": [
        "list",
        "string"
      ]
    },
    "vpc_cidr_block": {
      "value": "10.0.0.0/16",
      "type": "string"
    },
    "vpc_id": {
      "value": "vpc-0e5cabb6cf81abb68",
      "type": "string"
    }
  },
  "resources": [
    {
      "mode": "data",
      "type": "aws_subnets",
      "name": "private_subnets",
      "provider": "provider[\"registry.terraform.io/hashicorp/aws\"]",
      "instances": [
        {
          "schema_version": 0,
          "attributes": {
            "filter": [
              {
                "name": "tag:Name",
                "values": [
                  "*private*"
                ]
              },
              {
                "name": "vpc-id",
                "values": [
                  "vpc-0e5cabb6cf81abb68"
                ]
              }
            ],
            "id": "us-east-1",
            "ids": [
              "subnet-0a22b772fe453d4e7",
              "subnet-0528f2c683fc0f3c6"
            ],
            "region": "us-east-1",
            "tags": null,
            "timeouts": null
          },
          "sensitive_attributes": []
        }
      ]
    },
    {
      "mode": "data",
      "type": "aws_subnets",
      "name": "public_subnets",
      "provider": "provider[\"registry.terraform.io/hashicorp/aws\"]",
      "instances": [
        {
          "schema_version": 0,
          "attributes": {
            "filter": [
              {
                "name": "tag:Name",
                "values": [
                  "*public*"
                ]
              },
              {
                "name": "vpc-id",
                "values": [
                  "vpc-0e5cabb6cf81abb68"
                ]
              }
            ],
            "id": "us-east-1",
            "ids": [
              "subnet-08fcd856bae8b1b15",
              "subnet-09941d1ecbfe57f3c"
            ],
            "region": "us-east-1",
            "tags": null,
            "timeouts": null
          },
          "sensitive_attributes": []
        }
      ]
    },
    {
      "mode": "data",
      "type": "aws_vpc",
      "name": "glue_vpc",
      "provider": "provider[\"registry.terraform.io/hashicorp/aws\"]",
      "instances": [
        {
          "schema_version": 0,
          "attributes": {
            "arn": "arn:aws:ec2:us-east-1:408110214432:vpc/vpc-0e5cabb6cf81abb68",
            "cidr_block": "10.0.0.0/16",
            "cidr_block_associations": [
              {
                "association_id": "vpc-cidr-assoc-0930669cf23e4709a",
                "cidr_block": "10.0.0.0/16",
                "state": "associated"
              }
            ],
            "default": false,
            "dhcp_options_id": "dopt-01e796d7596050a08",
            "enable_dns_hostnames": true,
            "enable_dns_support": true,
            "enable_network_address_usage_metrics": false,
            "filter": [
              {
                "name": "tag:Name",
                "values": [
                  "vph-group69_001-vpc"
                ]
              }
            ],
            "id": "vpc-0e5cabb6cf81abb68",
            "instance_tenancy": "default",
            "ipv6_association_id": "",
            "ipv6_cidr_block": "",
            "main_route_table_id": "rtb-0cf16d24126427bb4",
            "owner_id": "408110214432",
            "region": "us-east-1",
            "state": null,
            "tags": {
              "Name": "vph-group69_001-vpc"
            },
            "timeouts": null
          },
          "sensitive_attributes": []
        }
      ]
    },
    {
      "mode": "managed",
      "type": "aws_dms_endpoint",
      "name": "kinesis_target",
      "provider": "provider[\"registry.terraform.io/hashicorp/aws\"]",
      "instances": [
        {
          "schema_version": 0,
          "attributes": {
            "certificate_arn": "",
            "database_name": null,
            "elasticsearch_settings": [],
            "endpoint_arn": "arn:aws:dms:us-east-1:408110214432:endpoint:VI6H6EMTGRGLNJ4YNHM52NMLOY",
            "endpoint_id": "data-pipeline-dev-kinesis-target",
            "endpoint_type": "target",
            "engine_name": "kinesis",
            "extra_connection_attributes": "",
            "id": "data-pipeline-dev-kinesis-target",
            "kafka_settings": [],
            "kinesis_settings": [
              {
                "include_control_details": false,
                "include_null_and_empty": false,
                "include_partition_value": false,
                "include_table_alter_operations": false,
                "include_transaction_details": false,
                "message_format": "json",
                "partition_include_schema_table": false,
                "service_access_role_arn": "arn:aws:iam::408110214432:role/data-pipeline-dev-dms-kinesis-role",
                "stream_arn": "arn:aws:kinesis:us-east-1:408110214432:stream/data-pipeline-dev-data-stream",
                "use_large_integer_value": false
              }
            ],
            "kms_key_arn": "",
            "mongodb_settings": [],
            "password": null,
            "pause_replication_tasks": null,
            "port": null,
            "postgres_settings": [],
            "redis_settings": [],
            "redshift_settings": null,
            "region": "us-east-1",
            "secrets_manager_access_role_arn": null,
            "secrets_manager_arn": null,
            "server_name": null,
            "service_access_role": null,
            "ssl_mode": "none",
            "tags": {
              "Environment": "dev",
              "ManagedBy": "terraform",
              "Project": "data-pipeline"
            },
            "tags_all": {
              "Environment": "dev",
              "ManagedBy": "terraform",
              "Project": "data-pipeline"
            },
            "timeouts": null,
            "username": null
          },
          "sensitive_attributes": [
            [
              {
                "type": "get_attr",
                "value": "password"
              }
            ]
          ],
          "private": "eyJlMmJmYjczMC1lY2FhLTExZTYtOGY4OC0zNDM2M2JjN2M0YzAiOnsiY3JlYXRlIjozMDAwMDAwMDAwMDAsImRlbGV0ZSI6NjAwMDAwMDAwMDAwfX0=",
          "dependencies": [
            "aws_iam_role.dms_kinesis_role",
            "aws_kinesis_stream.data_stream"
          ]
        }
      ]
    },
    {
      "mode": "managed",
      "type": "aws_dms_endpoint",
      "name": "source",
      "provider": "provider[\"registry.terraform.io/hashicorp/aws\"]",
      "instances": [
        {
          "schema_version": 0,
          "attributes": {
            "certificate_arn": "",
            "database_name": "postgres",
            "elasticsearch_settings": [],
            "endpoint_arn": "arn:aws:dms:us-east-1:408110214432:endpoint:VX6RGBNKZRHMJF4G3TYFSGRUF4",
            "endpoint_id": "data-pipeline-dev-supabase-source",
            "endpoint_type": "source",
            "engine_name": "postgres",
            "extra_connection_attributes": "",
            "id": "data-pipeline-dev-supabase-source",
            "kafka_settings": [],
            "kinesis_settings": [],
            "kms_key_arn": "arn:aws:kms:us-east-1:408110214432:key/c3809b97-44b0-400d-a193-2fe71ceb8ee4",
            "mongodb_settings": [],
            "password": "8b2bb1e2390743f55ff60b7c9cb6665d",
            "pause_replication_tasks": null,
            "port": 5432,
            "postgres_settings": [
              {
                "after_connect_script": "",
                "babelfish_database_name": "",
                "capture_ddls": false,
                "database_mode": "",
                "ddl_artifacts_schema": "",
                "execute_timeout": 0,
                "fail_tasks_on_lob_truncation": false,
                "heartbeat_enable": false,
                "heartbeat_frequency": 0,
                "heartbeat_schema": "",
                "map_boolean_as_boolean": false,
                "map_jsonb_as_clob": false,
                "map_long_varchar_as": "",
                "max_file_size": 0,
                "plugin_name": "",
                "slot_name": ""
              }
            ],
            "redis_settings": [],
            "redshift_settings": null,
            "region": "us-east-1",
            "secrets_manager_access_role_arn": "",
            "secrets_manager_arn": "",
            "server_name": "aws-0-ap-southeast-1.pooler.supabase.com",
            "service_access_role": null,
            "ssl_mode": "require",
            "tags": {
              "Environment": "dev",
              "ManagedBy": "terraform",
              "Project": "data-pipeline"
            },
            "tags_all": {
              "Environment": "dev",
              "ManagedBy": "terraform",
              "Project": "data-pipeline"
            },
            "timeouts": null,
            "username": "postgres.dwxxibqmtfibnipthgdo"
          },
          "sensitive_attributes": [
            [
              {
                "type": "get_attr",
                "value": "password"
              }
            ]
          ],
          "private": "eyJlMmJmYjczMC1lY2FhLTExZTYtOGY4OC0zNDM2M2JjN2M0YzAiOnsiY3JlYXRlIjozMDAwMDAwMDAwMDAsImRlbGV0ZSI6NjAwMDAwMDAwMDAwfX0="
        }
      ]
    },
    {
      "mode": "managed",
      "type": "aws_dms_replication_subnet_group",
      "name": "dms_subnet_group",
      "provider": "provider[\"registry.terraform.io/hashicorp/aws\"]",
      "instances": [
        {
          "schema_version": 0,
          "attributes": {
            "id": "data-pipeline-dev-dms-subnet-group",
            "region": "us-east-1",
            "replication_subnet_group_arn": "arn:aws:dms:us-east-1:408110214432:subgrp:data-pipeline-dev-dms-subnet-group",
            "replication_subnet_group_description": "DMS subnet group for data-pipeline-dev",
            "replication_subnet_group_id": "data-pipeline-dev-dms-subnet-group",
            "subnet_ids": [
              "subnet-0528f2c683fc0f3c6",
              "subnet-0a22b772fe453d4e7"
            ],
            "tags": {
              "Environment": "dev",
              "ManagedBy": "terraform",
              "Project": "data-pipeline"
            },
            "tags_all": {
              "Environment": "dev",
              "ManagedBy": "terraform",
              "Project": "data-pipeline"
            },
            "vpc_id": "vpc-010eebdcc9c7138fa"
          },
          "sensitive_attributes": [],
          "private": "bnVsbA==",
          "dependencies": [
            "data.aws_subnets.private_subnets",
            "data.aws_vpc.glue_vpc"
          ]
        }
      ]
    },
    {
      "mode": "managed",
      "type": "aws_iam_policy",
      "name": "dms_kinesis_policy",
      "provider": "provider[\"registry.terraform.io/hashicorp/aws\"]",
      "instances": [
        {
          "schema_version": 0,
          "attributes": {
            "arn": "arn:aws:iam::408110214432:policy/data-pipeline-dev-dms-kinesis-policy",
            "attachment_count": 1,
            "description": "",
            "id": "arn:aws:iam::408110214432:policy/data-pipeline-dev-dms-kinesis-policy",
            "name": "data-pipeline-dev-dms-kinesis-policy",
            "name_prefix": "",
            "path": "/",
            "policy": "{\"Statement\":[{\"Action\":[\"kinesis:DescribeStream\",\"kinesis:PutRecord\",\"kinesis:PutRecords\"],\"Effect\":\"Allow\",\"Resource\":\"arn:aws:kinesis:us-east-1:408110214432:stream/data-pipeline-dev-data-stream\"}],\"Version\":\"2012-10-17\"}",
            "policy_id": "ANPAV6BKDVUQKZM6NGFSD",
            "tags": {},
            "tags_all": {}
          },
          "sensitive_attributes": [],
          "private": "bnVsbA==",
          "dependencies": [
            "aws_kinesis_stream.data_stream"
          ]
        }
      ]
    },
    {
      "mode": "managed",
      "type": "aws_iam_role",
      "name": "dms_kinesis_role",
      "provider": "provider[\"registry.terraform.io/hashicorp/aws\"]",
      "instances": [
        {
          "schema_version": 0,
          "attributes": {
            "arn": "arn:aws:iam::408110214432:role/data-pipeline-dev-dms-kinesis-role",
            "assume_role_policy": "{\"Statement\":[{\"Action\":\"sts:AssumeRole\",\"Effect\":\"Allow\",\"Principal\":{\"Service\":\"dms.amazonaws.com\"}}],\"Version\":\"2012-10-17\"}",
            "create_date": "2025-07-15T16:34:55Z",
            "description": "",
            "force_detach_policies": false,
            "id": "data-pipeline-dev-dms-kinesis-role",
            "inline_policy": [],
            "managed_policy_arns": [
              "arn:aws:iam::408110214432:policy/data-pipeline-dev-dms-kinesis-policy"
            ],
            "max_session_duration": 3600,
            "name": "data-pipeline-dev-dms-kinesis-role",
            "name_prefix": "",
            "path": "/",
            "permissions_boundary": "",
            "tags": {
              "Environment": "dev",
              "ManagedBy": "terraform",
              "Project": "data-pipeline"
            },
            "tags_all": {
              "Environment": "dev",
              "ManagedBy": "terraform",
              "Project": "data-pipeline"
            },
            "unique_id": "AROAV6BKDVUQEPOPWVHMH"
          },
          "sensitive_attributes": [],
          "private": "bnVsbA=="
        }
      ]
    },
    {
      "mode": "managed",
      "type": "aws_iam_role_policy_attachment",
      "name": "dms_kinesis_attach",
      "provider": "provider[\"registry.terraform.io/hashicorp/aws\"]",
      "instances": [
        {
          "schema_version": 0,
          "attributes": {
            "id": "data-pipeline-dev-dms-kinesis-role/arn:aws:iam::408110214432:policy/data-pipeline-dev-dms-kinesis-policy",
            "policy_arn": "arn:aws:iam::408110214432:policy/data-pipeline-dev-dms-kinesis-policy",
            "role": "data-pipeline-dev-dms-kinesis-role"
          },
          "sensitive_attributes": [],
          "private": "bnVsbA==",
          "dependencies": [
            "aws_iam_policy.dms_kinesis_policy",
            "aws_iam_role.dms_kinesis_role",
            "aws_kinesis_stream.data_stream"
          ]
        }
      ]
    },
    {
      "mode": "managed",
      "type": "aws_kinesis_stream",
      "name": "data_stream",
      "provider": "provider[\"registry.terraform.io/hashicorp/aws\"]",
      "instances": [
        {
          "schema_version": 1,
          "attributes": {
            "arn": "arn:aws:kinesis:us-east-1:408110214432:stream/data-pipeline-dev-data-stream",
            "encryption_type": "NONE",
            "enforce_consumer_deletion": false,
            "id": "arn:aws:kinesis:us-east-1:408110214432:stream/data-pipeline-dev-data-stream",
            "kms_key_id": "",
            "name": "data-pipeline-dev-data-stream",
            "region": "us-east-1",
            "retention_period": 24,
            "shard_count": 2,
            "shard_level_metrics": [
              "IncomingRecords",
              "OutgoingRecords"
            ],
            "stream_mode_details": [
              {
                "stream_mode": "PROVISIONED"
              }
            ],
            "tags": {
              "Environment": "dev",
              "ManagedBy": "terraform",
              "Project": "data-pipeline"
            },
            "tags_all": {
              "Environment": "dev",
              "ManagedBy": "terraform",
              "Project": "data-pipeline"
            },
            "timeouts": null
          },
          "sensitive_attributes": [],
          "private": "eyJlMmJmYjczMC1lY2FhLTExZTYtOGY4OC0zNDM2M2JjN2M0YzAiOnsiY3JlYXRlIjozMDAwMDAwMDAwMDAsImRlbGV0ZSI6NzIwMDAwMDAwMDAwMCwidXBkYXRlIjo3MjAwMDAwMDAwMDAwfSwic2NoZW1hX3ZlcnNpb24iOiIxIn0="
        }
      ]
    },
    {
      "mode": "managed",
      "type": "aws_security_group",
      "name": "dms_sg",
      "provider": "provider[\"registry.terraform.io/hashicorp/aws\"]",
      "instances": [
        {
          "schema_version": 1,
          "attributes": {
            "arn": "arn:aws:ec2:us-east-1:408110214432:security-group/sg-0d27f40033381df10",
            "description": "Security group for DMS replication instance",
            "egress": [
              {
                "cidr_blocks": [
                  "0.0.0.0/0"
                ],
                "description": "All outbound traffic",
                "from_port": 0,
                "ipv6_cidr_blocks": [],
                "prefix_list_ids": [],
                "protocol": "-1",
                "security_groups": [],
                "self": false,
                "to_port": 0
              }
            ],
            "id": "sg-0d27f40033381df10",
            "ingress": [
              {
                "cidr_blocks": [
                  "0.0.0.0/0"
                ],
                "description": "PostgreSQL from external (Supabase)",
                "from_port": 5432,
                "ipv6_cidr_blocks": [],
                "prefix_list_ids": [],
                "protocol": "tcp",
                "security_groups": [],
                "self": false,
                "to_port": 5432
              },
              {
                "cidr_blocks": [
                  "10.0.0.0/16"
                ],
                "description": "PostgreSQL from VPC",
                "from_port": 5432,
                "ipv6_cidr_blocks": [],
                "prefix_list_ids": [],
                "protocol": "tcp",
                "security_groups": [],
                "self": false,
                "to_port": 5432
              }
            ],
            "name": "data-pipeline-dev-dms-20250716075722309800000001",
            "name_prefix": "data-pipeline-dev-dms-",
            "owner_id": "408110214432",
            "region": "us-east-1",
            "revoke_rules_on_delete": false,
            "tags": {
              "Environment": "dev",
              "ManagedBy": "terraform",
              "Name": "data-pipeline-dev-dms-sg",
              "Project": "data-pipeline"
            },
            "tags_all": {
              "Environment": "dev",
              "ManagedBy": "terraform",
              "Name": "data-pipeline-dev-dms-sg",
              "Project": "data-pipeline"
            },
            "timeouts": null,
            "vpc_id": "vpc-0e5cabb6cf81abb68"
          },
          "sensitive_attributes": [],
          "private": "eyJlMmJmYjczMC1lY2FhLTExZTYtOGY4OC0zNDM2M2JjN2M0YzAiOnsiY3JlYXRlIjo2MDAwMDAwMDAwMDAsImRlbGV0ZSI6OTAwMDAwMDAwMDAwfSwic2NoZW1hX3ZlcnNpb24iOiIxIn0=",
          "dependencies": [
            "data.aws_vpc.glue_vpc"
          ]
        }
      ]
    },
    {
      "mode": "managed",
      "type": "aws_security_group",
      "name": "lambda_sg",
      "provider": "provider[\"registry.terraform.io/hashicorp/aws\"]",
      "instances": [
        {
          "schema_version": 1,
          "attributes": {
            "arn": "arn:aws:ec2:us-east-1:408110214432:security-group/sg-03b2e9838f1b06eab",
            "description": "Security group for Lambda functions",
            "egress": [
              {
                "cidr_blocks": [
                  "0.0.0.0/0"
                ],
                "description": "All outbound traffic",
                "from_port": 0,
                "ipv6_cidr_blocks": [],
                "prefix_list_ids": [],
                "protocol": "-1",
                "security_groups": [],
                "self": false,
                "to_port": 0
              }
            ],
            "id": "sg-03b2e9838f1b06eab",
            "ingress": [
              {
                "cidr_blocks": [
                  "10.0.0.0/16"
                ],
                "description": "All traffic from VPC",
                "from_port": 0,
                "ipv6_cidr_blocks": [],
                "prefix_list_ids": [],
                "protocol": "-1",
                "security_groups": [],
                "self": false,
                "to_port": 0
              }
            ],
            "name": "data-pipeline-dev-lambda-20250716071441352600000001",
            "name_prefix": "data-pipeline-dev-lambda-",
            "owner_id": "408110214432",
            "region": "us-east-1",
            "revoke_rules_on_delete": false,
            "tags": {
              "Environment": "dev",
              "ManagedBy": "terraform",
              "Name": "data-pipeline-dev-lambda-sg",
              "Project": "data-pipeline"
            },
            "tags_all": {
              "Environment": "dev",
              "ManagedBy": "terraform",
              "Name": "data-pipeline-dev-lambda-sg",
              "Project": "data-pipeline"
            },
            "timeouts": null,
            "vpc_id": "vpc-0e5cabb6cf81abb68"
          },
          "sensitive_attributes": [],
          "private": "eyJlMmJmYjczMC1lY2FhLTExZTYtOGY4OC0zNDM2M2JjN2M0YzAiOnsiY3JlYXRlIjo2MDAwMDAwMDAwMDAsImRlbGV0ZSI6OTAwMDAwMDAwMDAwfSwic2NoZW1hX3ZlcnNpb24iOiIxIn0=",
          "dependencies": [
            "data.aws_vpc.glue_vpc"
          ]
        }
      ]
    },
    {
      "mode": "managed",
      "type": "aws_vpc_endpoint",
      "name": "dms",
      "provider": "provider[\"registry.terraform.io/hashicorp/aws\"]",
      "instances": [
        {
          "schema_version": 0,
          "attributes": {
            "arn": "arn:aws:ec2:us-east-1:408110214432:vpc-endpoint/vpce-0791b08fb7216ee4f",
            "auto_accept": null,
            "cidr_blocks": [],
            "dns_entry": [
              {
                "dns_name": "vpce-0791b08fb7216ee4f-cl6dnk5k.dms.us-east-1.vpce.amazonaws.com",
                "hosted_zone_id": "Z7HUB22UULQXV"
              },
              {
                "dns_name": "vpce-0791b08fb7216ee4f-cl6dnk5k-us-east-1a.dms.us-east-1.vpce.amazonaws.com",
                "hosted_zone_id": "Z7HUB22UULQXV"
              },
              {
                "dns_name": "vpce-0791b08fb7216ee4f-cl6dnk5k-us-east-1b.dms.us-east-1.vpce.amazonaws.com",
                "hosted_zone_id": "Z7HUB22UULQXV"
              },
              {
                "dns_name": "dms.us-east-1.amazonaws.com",
                "hosted_zone_id": "Z0549688OJYFC1HING89"
              },
              {
                "dns_name": "dms.us-east-1.api.aws",
                "hosted_zone_id": "Z0539173M5ZFOKTI9P45"
              }
            ],
            "dns_options": [
              {
                "dns_record_ip_type": "ipv4",
                "private_dns_only_for_inbound_resolver_endpoint": false
              }
            ],
            "id": "vpce-0791b08fb7216ee4f",
            "ip_address_type": "ipv4",
            "network_interface_ids": [
              "eni-06eef898859dacd47",
              "eni-0ba5e8345cf1deb89"
            ],
            "owner_id": "408110214432",
            "policy": "{\"Statement\":[{\"Action\":\"*\",\"Effect\":\"Allow\",\"Principal\":\"*\",\"Resource\":\"*\"}]}",
            "prefix_list_id": null,
            "private_dns_enabled": true,
            "region": "us-east-1",
            "requester_managed": false,
            "resource_configuration_arn": "",
            "route_table_ids": [],
            "security_group_ids": [
              "sg-0d27f40033381df10"
            ],
            "service_name": "com.amazonaws.us-east-1.dms",
            "service_network_arn": "",
            "service_region": "us-east-1",
            "state": "available",
            "subnet_configuration": [
              {
                "ipv4": "10.0.2.204",
                "ipv6": "",
                "subnet_id": "subnet-0528f2c683fc0f3c6"
              },
              {
                "ipv4": "10.0.3.193",
                "ipv6": "",
                "subnet_id": "subnet-0a22b772fe453d4e7"
              }
            ],
            "subnet_ids": [
              "subnet-0528f2c683fc0f3c6",
              "subnet-0a22b772fe453d4e7"
            ],
            "tags": {
              "Environment": "dev",
              "ManagedBy": "terraform",
              "Name": "data-pipeline-dev-dms-endpoint",
              "Project": "data-pipeline"
            },
            "tags_all": {
              "Environment": "dev",
              "ManagedBy": "terraform",
              "Name": "data-pipeline-dev-dms-endpoint",
              "Project": "data-pipeline"
            },
            "timeouts": null,
            "vpc_endpoint_type": "Interface",
            "vpc_id": "vpc-0e5cabb6cf81abb68"
          },
          "sensitive_attributes": [],
          "private": "eyJlMmJmYjczMC1lY2FhLTExZTYtOGY4OC0zNDM2M2JjN2M0YzAiOnsiY3JlYXRlIjo2MDAwMDAwMDAwMDAsImRlbGV0ZSI6NjAwMDAwMDAwMDAwLCJ1cGRhdGUiOjYwMDAwMDAwMDAwMH19",
          "dependencies": [
            "aws_security_group.dms_sg",
            "data.aws_subnets.private_subnets",
            "data.aws_vpc.glue_vpc"
          ]
        }
      ]
    },
    {
      "mode": "managed",
      "type": "aws_vpc_endpoint",
      "name": "kinesis_streams",
      "provider": "provider[\"registry.terraform.io/hashicorp/aws\"]",
      "instances": [
        {
          "schema_version": 0,
          "attributes": {
            "arn": "arn:aws:ec2:us-east-1:408110214432:vpc-endpoint/vpce-0b982da8ef4d4a2de",
            "auto_accept": null,
            "cidr_blocks": [],
            "dns_entry": [
              {
                "dns_name": "vpce-0b982da8ef4d4a2de-lq9rqukr.kinesis.us-east-1.vpce.amazonaws.com",
                "hosted_zone_id": "Z7HUB22UULQXV"
              },
              {
                "dns_name": "vpce-0b982da8ef4d4a2de-lq9rqukr-us-east-1a.kinesis.us-east-1.vpce.amazonaws.com",
                "hosted_zone_id": "Z7HUB22UULQXV"
              },
              {
                "dns_name": "vpce-0b982da8ef4d4a2de-lq9rqukr-us-east-1b.kinesis.us-east-1.vpce.amazonaws.com",
                "hosted_zone_id": "Z7HUB22UULQXV"
              },
              {
                "dns_name": "kinesis.us-east-1.amazonaws.com",
                "hosted_zone_id": "Z088411626U6GSLCO9S8F"
              },
              {
                "dns_name": "data-kinesis.us-east-1.api.aws",
                "hosted_zone_id": "Z05385602P6EA5FD2O170"
              },
              {
                "dns_name": "*.data-kinesis.us-east-1.api.aws",
                "hosted_zone_id": "Z05385602P6EA5FD2O170"
              },
              {
                "dns_name": "control-kinesis.us-east-1.amazonaws.com",
                "hosted_zone_id": "Z022592812Z2QF5TOSTRO"
              },
              {
                "dns_name": "*.control-kinesis.us-east-1.amazonaws.com",
                "hosted_zone_id": "Z022592812Z2QF5TOSTRO"
              },
              {
                "dns_name": "kinesis.us-east-1.api.aws",
                "hosted_zone_id": "Z05385651T3HZUOB6QLPB"
              },
              {
                "dns_name": "control-kinesis.us-east-1.api.aws",
                "hosted_zone_id": "Z0225923NXNG59AGSKBH"
              },
              {
                "dns_name": "*.control-kinesis.us-east-1.api.aws",
                "hosted_zone_id": "Z0225923NXNG59AGSKBH"
              },
              {
                "dns_name": "data-kinesis.us-east-1.amazonaws.com",
                "hosted_zone_id": "Z05370121IGZRQB7H046V"
              },
              {
                "dns_name": "*.data-kinesis.us-east-1.amazonaws.com",
                "hosted_zone_id": "Z05370121IGZRQB7H046V"
              }
            ],
            "dns_options": [
              {
                "dns_record_ip_type": "ipv4",
                "private_dns_only_for_inbound_resolver_endpoint": false
              }
            ],
            "id": "vpce-0b982da8ef4d4a2de",
            "ip_address_type": "ipv4",
            "network_interface_ids": [
              "eni-041c8c6ac6d0cf008",
              "eni-04dd42b4b0bc72220"
            ],
            "owner_id": "408110214432",
            "policy": "{\"Statement\":[{\"Action\":\"*\",\"Effect\":\"Allow\",\"Principal\":\"*\",\"Resource\":\"*\"}]}",
            "prefix_list_id": null,
            "private_dns_enabled": true,
            "region": "us-east-1",
            "requester_managed": false,
            "resource_configuration_arn": "",
            "route_table_ids": [],
            "security_group_ids": [
              "sg-0d27f40033381df10"
            ],
            "service_name": "com.amazonaws.us-east-1.kinesis-streams",
            "service_network_arn": "",
            "service_region": "us-east-1",
            "state": "available",
            "subnet_configuration": [
              {
                "ipv4": "10.0.2.220",
                "ipv6": "",
                "subnet_id": "subnet-0528f2c683fc0f3c6"
              },
              {
                "ipv4": "10.0.3.54",
                "ipv6": "",
                "subnet_id": "subnet-0a22b772fe453d4e7"
              }
            ],
            "subnet_ids": [
              "subnet-0528f2c683fc0f3c6",
              "subnet-0a22b772fe453d4e7"
            ],
            "tags": {
              "Environment": "dev",
              "ManagedBy": "terraform",
              "Name": "data-pipeline-dev-kinesis-streams-endpoint",
              "Project": "data-pipeline"
            },
            "tags_all": {
              "Environment": "dev",
              "ManagedBy": "terraform",
              "Name": "data-pipeline-dev-kinesis-streams-endpoint",
              "Project": "data-pipeline"
            },
            "timeouts": null,
            "vpc_endpoint_type": "Interface",
            "vpc_id": "vpc-0e5cabb6cf81abb68"
          },
          "sensitive_attributes": [],
          "private": "eyJlMmJmYjczMC1lY2FhLTExZTYtOGY4OC0zNDM2M2JjN2M0YzAiOnsiY3JlYXRlIjo2MDAwMDAwMDAwMDAsImRlbGV0ZSI6NjAwMDAwMDAwMDAwLCJ1cGRhdGUiOjYwMDAwMDAwMDAwMH19",
          "dependencies": [
            "aws_security_group.dms_sg",
            "data.aws_subnets.private_subnets",
            "data.aws_vpc.glue_vpc"
          ]
        }
      ]
    }
  ],
  "check_results": null
}
